{
  "version": 4,
  "terraform_version": "1.1.5",
  "serial": 6,
  "lineage": "3016bbf5-5adc-066b-9e24-1bb57bde4174",
  "outputs": {},
  "resources": [
    {
      "mode": "managed",
      "type": "aws_instance",
      "name": "ec2_vm",
      "provider": "provider[\"registry.terraform.io/hashicorp/aws\"]",
      "instances": [
        {
          "schema_version": 1,
          "attributes": {
            "ami": "ami-02aeff1a953c5c2ff",
            "arn": "arn:aws:ec2:eu-north-1:675356442796:instance/i-066b6faa9b2bfce74",
            "associate_public_ip_address": true,
            "availability_zone": "eu-north-1c",
            "capacity_reservation_specification": [
              {
                "capacity_reservation_preference": "open",
                "capacity_reservation_target": []
              }
            ],
            "cpu_core_count": 1,
            "cpu_threads_per_core": 2,
            "credit_specification": [
              {
                "cpu_credits": "unlimited"
              }
            ],
            "disable_api_termination": false,
            "ebs_block_device": [],
            "ebs_optimized": false,
            "enclave_options": [
              {
                "enabled": false
              }
            ],
            "ephemeral_block_device": [],
            "get_password_data": false,
            "hibernation": false,
            "host_id": null,
            "iam_instance_profile": "",
            "id": "i-066b6faa9b2bfce74",
            "instance_initiated_shutdown_behavior": "stop",
            "instance_state": "running",
            "instance_type": "t3.micro",
            "ipv6_address_count": 0,
            "ipv6_addresses": [],
            "key_name": "zahra-bihlal-key1",
            "launch_template": [],
            "metadata_options": [
              {
                "http_endpoint": "enabled",
                "http_put_response_hop_limit": 1,
                "http_tokens": "optional",
                "instance_metadata_tags": "disabled"
              }
            ],
            "monitoring": false,
            "network_interface": [],
            "outpost_arn": "",
            "password_data": "",
            "placement_group": "",
            "placement_partition_number": null,
            "primary_network_interface_id": "eni-0a7c90599f8632437",
            "private_dns": "ip-172-31-1-29.eu-north-1.compute.internal",
            "private_ip": "172.31.1.29",
            "public_dns": "ec2-13-48-78-145.eu-north-1.compute.amazonaws.com",
            "public_ip": "13.48.78.145",
            "root_block_device": [
              {
                "delete_on_termination": true,
                "device_name": "/dev/xvda",
                "encrypted": false,
                "iops": 100,
                "kms_key_id": "",
                "tags": {},
                "throughput": 0,
                "volume_id": "vol-00e4da947afc6b9ee",
                "volume_size": 8,
                "volume_type": "gp2"
              }
            ],
            "secondary_private_ips": [],
            "security_groups": [
              "terraform-20221206154234111600000001"
            ],
            "source_dest_check": true,
            "subnet_id": "subnet-01aa025de57cedb9e",
            "tags": {
              "Name": "zbepisen_exam",
              "Owner": "Zahra Bihlal"
            },
            "tags_all": {
              "Name": "zbepisen_exam",
              "Owner": "Zahra Bihlal"
            },
            "tenancy": "default",
            "timeouts": null,
            "user_data": null,
            "user_data_base64": null,
            "volume_tags": null,
            "vpc_security_group_ids": [
              "sg-0e385d3981a4c0d9b"
            ]
          },
          "sensitive_attributes": [],
          "private": "eyJlMmJmYjczMC1lY2FhLTExZTYtOGY4OC0zNDM2M2JjN2M0YzAiOnsiY3JlYXRlIjo2MDAwMDAwMDAwMDAsImRlbGV0ZSI6MTIwMDAwMDAwMDAwMCwidXBkYXRlIjo2MDAwMDAwMDAwMDB9LCJzY2hlbWFfdmVyc2lvbiI6IjEifQ==",
          "dependencies": [
            "aws_security_group.default"
          ]
        }
      ]
    },
    {
      "mode": "managed",
      "type": "aws_key_pair",
      "name": "mykey",
      "provider": "provider[\"registry.terraform.io/hashicorp/aws\"]",
      "instances": [
        {
          "schema_version": 1,
          "attributes": {
            "arn": "arn:aws:ec2:eu-north-1:675356442796:key-pair/zahra-bihlal-key3",
            "fingerprint": "c2:b6:cf:cc:19:b3:08:37:6d:bf:72:38:64:a2:4e:89",
            "id": "zahra-bihlal-key3",
            "key_name": "zahra-bihlal-key3",
            "key_name_prefix": "",
            "key_pair_id": "key-0a0d4f373a6f6b33c",
            "public_key": "ssh-rsa AAAAB3NzaC1yc2EAAAADAQABAAABgQCn2SxSa23hMRkQRwO7C3kDY8uJTx9jRRrXFH3dQepxkvykxe1OT1/kE9CrPfw2Qhbt5HGsLTt93owQUqicTM4q3hTsWqqNBKFH/emHEzFp+KFltwPPok7VvDPvkjLoHh/ODpk1uXdGfh6a06tSaYieJEvDq63+YuAM1ggEmo5j/NEmrARiGuIkYYx+UrfXSDQJRtpIHJ4BD29t1rJcvjdQYw55Qf3mNdIzdeJeGhfXO+KKhJzS3U5XKi+Pz06oJ2eVpF59CMKyXhTYuctZo44Pf1MncUUePu28uZAn9ZqA9OFWt8lhQH9TcYNNUZmXVlpZbJ9U+lvRdpwsAET6anmHf0aNGo5aCjZXsa1Ss/+e8jAFAKjkm5rR+HBd9DfrmyLB19zi1a3TXPLts6tlAqA/H7yqvAVgh8GpHvT/c1HhzG/P76ypqSNbnV54RuQvXME29BJv0MmwIeBW57953/IBG3bMUtgoBkL5GJMkg2BvtfIMTwy6x8Go9f/U5NJl/UM= zahra@DESKTOP-UTP0DQM",
            "tags": null,
            "tags_all": {}
          },
          "sensitive_attributes": [],
          "private": "eyJzY2hlbWFfdmVyc2lvbiI6IjEifQ=="
        }
      ]
    },
    {
      "mode": "managed",
      "type": "aws_security_group",
      "name": "default",
      "provider": "provider[\"registry.terraform.io/hashicorp/aws\"]",
      "instances": [
        {
          "schema_version": 1,
          "attributes": {
            "arn": "arn:aws:ec2:eu-north-1:675356442796:security-group/sg-0e385d3981a4c0d9b",
            "description": "Managed by Terraform",
            "egress": [
              {
                "cidr_blocks": [
                  "0.0.0.0/0"
                ],
                "description": "",
                "from_port": 0,
                "ipv6_cidr_blocks": [],
                "prefix_list_ids": [],
                "protocol": "-1",
                "security_groups": [],
                "self": false,
                "to_port": 0
              }
            ],
            "id": "sg-0e385d3981a4c0d9b",
            "ingress": [
              {
                "cidr_blocks": [
                  "0.0.0.0/0"
                ],
                "description": "",
                "from_port": 22,
                "ipv6_cidr_blocks": [],
                "prefix_list_ids": [],
                "protocol": "tcp",
                "security_groups": [],
                "self": false,
                "to_port": 22
              },
              {
                "cidr_blocks": [
                  "0.0.0.0/0"
                ],
                "description": "",
                "from_port": 80,
                "ipv6_cidr_blocks": [],
                "prefix_list_ids": [],
                "protocol": "tcp",
                "security_groups": [],
                "self": false,
                "to_port": 80
              }
            ],
            "name": "terraform-20221206154234111600000001",
            "name_prefix": "terraform-",
            "owner_id": "675356442796",
            "revoke_rules_on_delete": false,
            "tags": {},
            "tags_all": {},
            "timeouts": null,
            "vpc_id": "vpc-03018758fa8308f7c"
          },
          "sensitive_attributes": [],
          "private": "eyJlMmJmYjczMC1lY2FhLTExZTYtOGY4OC0zNDM2M2JjN2M0YzAiOnsiY3JlYXRlIjo2MDAwMDAwMDAwMDAsImRlbGV0ZSI6OTAwMDAwMDAwMDAwfSwic2NoZW1hX3ZlcnNpb24iOiIxIn0="
        }
      ]
    }
  ]
}
